
Microsoft Visual Studio Solution File, Format Version 12.00
# Visual Studio Version 17
VisualStudioVersion = 17.9.34723.18
MinimumVisualStudioVersion = 10.0.40219.1
Project("{FAE04EC0-301F-11D3-BF4B-00C04F79EFBC}") = "Aula_media_Notas", "Aula_media_Notas.csproj", "{135159C9-9097-4028-8742-8F07DC26DB8A}"
EndProject
Global
	GlobalSection(SolutionConfigurationPlatforms) = preSolution
		Debug|Any CPU = Debug|Any CPU
		Release|Any CPU = Release|Any CPU
	EndGlobalSection
	GlobalSection(ProjectConfigurationPlatforms) = postSolution
		{135159C9-9097-4028-8742-8F07DC26DB8A}.Debug|Any CPU.ActiveCfg = Debug|Any CPU
		{135159C9-9097-4028-8742-8F07DC26DB8A}.Debug|Any CPU.Build.0 = Debug|Any CPU
		{135159C9-9097-4028-8742-8F07DC26DB8A}.Release|Any CPU.ActiveCfg = Release|Any CPU
		{135159C9-9097-4028-8742-8F07DC26DB8A}.Release|Any CPU.Build.0 = Release|Any CPU
	EndGlobalSection
	GlobalSection(SolutionProperties) = preSolution
		HideSolutionNode = FALSE
	EndGlobalSection
	GlobalSection(ExtensibilityGlobals) = postSolution
		SolutionGuid = {5FD8C77C-F295-4F5F-AAB2-39C1564FCFCB}
	EndGlobalSection
EndGlobal
